// !$*UTF8*$!
{
	archiveVersion = 1;
	classes = {
	};
	objectVersion = 56;
	objects = {

/* Begin PBXBuildFile section */
		0D1A208D2A12675D001F3CDE /* AppDelegate.swift in Sources */ = {isa = PBXBuildFile; fileRef = 0D1A208C2A12675D001F3CDE /* AppDelegate.swift */; };
		0D1A208F2A12675D001F3CDE /* SceneDelegate.swift in Sources */ = {isa = PBXBuildFile; fileRef = 0D1A208E2A12675D001F3CDE /* SceneDelegate.swift */; };
		0D1A20912A12675D001F3CDE /* ExampleViewController.swift in Sources */ = {isa = PBXBuildFile; fileRef = 0D1A20902A12675D001F3CDE /* ExampleViewController.swift */; };
		0D1A20962A12675E001F3CDE /* Assets.xcassets in Resources */ = {isa = PBXBuildFile; fileRef = 0D1A20952A12675E001F3CDE /* Assets.xcassets */; };
		0D1A20992A12675E001F3CDE /* LaunchScreen.storyboard in Resources */ = {isa = PBXBuildFile; fileRef = 0D1A20972A12675E001F3CDE /* LaunchScreen.storyboard */; };
		0D1A20A12A12745D001F3CDE /* MoneyKit.xcframework in Frameworks */ = {isa = PBXBuildFile; fileRef = 0D1A20A02A12745D001F3CDE /* MoneyKit.xcframework */; };
		0D27D4D42B8CD8B5006C91DB /* MoneyKitSwiftUIExampleApp.swift in Sources */ = {isa = PBXBuildFile; fileRef = 0D27D4D32B8CD8B5006C91DB /* MoneyKitSwiftUIExampleApp.swift */; };
		0D27D4D62B8CD8B5006C91DB /* ContentView.swift in Sources */ = {isa = PBXBuildFile; fileRef = 0D27D4D52B8CD8B5006C91DB /* ContentView.swift */; };
		0D27D4D82B8CD8B6006C91DB /* Assets.xcassets in Resources */ = {isa = PBXBuildFile; fileRef = 0D27D4D72B8CD8B6006C91DB /* Assets.xcassets */; };
		0D27D4DB2B8CD8B6006C91DB /* Preview Assets.xcassets in Resources */ = {isa = PBXBuildFile; fileRef = 0D27D4DA2B8CD8B6006C91DB /* Preview Assets.xcassets */; };
		0D27D4E02B8CD8DB006C91DB /* MoneyKit.xcframework in Frameworks */ = {isa = PBXBuildFile; fileRef = 0D1A20A02A12745D001F3CDE /* MoneyKit.xcframework */; };
/* End PBXBuildFile section */

/* Begin PBXFileReference section */
		0D1A20892A12675D001F3CDE /* MoneyKitExample.app */ = {isa = PBXFileReference; explicitFileType = wrapper.application; includeInIndex = 0; path = MoneyKitExample.app; sourceTree = BUILT_PRODUCTS_DIR; };
		0D1A208C2A12675D001F3CDE /* AppDelegate.swift */ = {isa = PBXFileReference; lastKnownFileType = sourcecode.swift; path = AppDelegate.swift; sourceTree = "<group>"; };
		0D1A208E2A12675D001F3CDE /* SceneDelegate.swift */ = {isa = PBXFileReference; lastKnownFileType = sourcecode.swift; path = SceneDelegate.swift; sourceTree = "<group>"; };
		0D1A20902A12675D001F3CDE /* ExampleViewController.swift */ = {isa = PBXFileReference; lastKnownFileType = sourcecode.swift; path = ExampleViewController.swift; sourceTree = "<group>"; };
		0D1A20952A12675E001F3CDE /* Assets.xcassets */ = {isa = PBXFileReference; lastKnownFileType = folder.assetcatalog; path = Assets.xcassets; sourceTree = "<group>"; };
		0D1A20982A12675E001F3CDE /* Base */ = {isa = PBXFileReference; lastKnownFileType = file.storyboard; name = Base; path = Base.lproj/LaunchScreen.storyboard; sourceTree = "<group>"; };
		0D1A209A2A12675E001F3CDE /* Info.plist */ = {isa = PBXFileReference; lastKnownFileType = text.plist.xml; path = Info.plist; sourceTree = "<group>"; };
		0D1A20A02A12745D001F3CDE /* MoneyKit.xcframework */ = {isa = PBXFileReference; lastKnownFileType = wrapper.xcframework; name = MoneyKit.xcframework; path = ../../MoneyKit.xcframework; sourceTree = "<group>"; };
		0D27D4D12B8CD8B5006C91DB /* MoneyKitSwiftUIExample.app */ = {isa = PBXFileReference; explicitFileType = wrapper.application; includeInIndex = 0; path = MoneyKitSwiftUIExample.app; sourceTree = BUILT_PRODUCTS_DIR; };
		0D27D4D32B8CD8B5006C91DB /* MoneyKitSwiftUIExampleApp.swift */ = {isa = PBXFileReference; lastKnownFileType = sourcecode.swift; path = MoneyKitSwiftUIExampleApp.swift; sourceTree = "<group>"; };
		0D27D4D52B8CD8B5006C91DB /* ContentView.swift */ = {isa = PBXFileReference; lastKnownFileType = sourcecode.swift; path = ContentView.swift; sourceTree = "<group>"; };
		0D27D4D72B8CD8B6006C91DB /* Assets.xcassets */ = {isa = PBXFileReference; lastKnownFileType = folder.assetcatalog; path = Assets.xcassets; sourceTree = "<group>"; };
		0D27D4DA2B8CD8B6006C91DB /* Preview Assets.xcassets */ = {isa = PBXFileReference; lastKnownFileType = folder.assetcatalog; path = "Preview Assets.xcassets"; sourceTree = "<group>"; };
/* End PBXFileReference section */

/* Begin PBXFrameworksBuildPhase section */
		0D1A20862A12675D001F3CDE /* Frameworks */ = {
			isa = PBXFrameworksBuildPhase;
			buildActionMask = 2147483647;
			files = (
				0D1A20A12A12745D001F3CDE /* MoneyKit.xcframework in Frameworks */,
			);
			runOnlyForDeploymentPostprocessing = 0;
		};
		0D27D4CE2B8CD8B5006C91DB /* Frameworks */ = {
			isa = PBXFrameworksBuildPhase;
			buildActionMask = 2147483647;
			files = (
				0D27D4E02B8CD8DB006C91DB /* MoneyKit.xcframework in Frameworks */,
			);
			runOnlyForDeploymentPostprocessing = 0;
		};
/* End PBXFrameworksBuildPhase section */

/* Begin PBXGroup section */
		0D1A20802A12675D001F3CDE = {
			isa = PBXGroup;
			children = (
				0D1A208B2A12675D001F3CDE /* MoneyKitExample */,
				0D27D4D22B8CD8B5006C91DB /* MoneyKitSwiftUIExample */,
				0D1A208A2A12675D001F3CDE /* Products */,
				0D27D4DF2B8CD8DB006C91DB /* Frameworks */,
			);
			sourceTree = "<group>";
		};
		0D1A208A2A12675D001F3CDE /* Products */ = {
			isa = PBXGroup;
			children = (
				0D1A20892A12675D001F3CDE /* MoneyKitExample.app */,
				0D27D4D12B8CD8B5006C91DB /* MoneyKitSwiftUIExample.app */,
			);
			name = Products;
			sourceTree = "<group>";
		};
		0D1A208B2A12675D001F3CDE /* MoneyKitExample */ = {
			isa = PBXGroup;
			children = (
				0D1A20A02A12745D001F3CDE /* MoneyKit.xcframework */,
				0D1A208C2A12675D001F3CDE /* AppDelegate.swift */,
				0D1A208E2A12675D001F3CDE /* SceneDelegate.swift */,
				0D1A20902A12675D001F3CDE /* ExampleViewController.swift */,
				0D1A20952A12675E001F3CDE /* Assets.xcassets */,
				0D1A20972A12675E001F3CDE /* LaunchScreen.storyboard */,
				0D1A209A2A12675E001F3CDE /* Info.plist */,
			);
			path = MoneyKitExample;
			sourceTree = "<group>";
		};
		0D27D4D22B8CD8B5006C91DB /* MoneyKitSwiftUIExample */ = {
			isa = PBXGroup;
			children = (
				0D27D4D32B8CD8B5006C91DB /* MoneyKitSwiftUIExampleApp.swift */,
				0D27D4D52B8CD8B5006C91DB /* ContentView.swift */,
				0D27D4D72B8CD8B6006C91DB /* Assets.xcassets */,
				0D27D4D92B8CD8B6006C91DB /* Preview Content */,
			);
			path = MoneyKitSwiftUIExample;
			sourceTree = "<group>";
		};
		0D27D4D92B8CD8B6006C91DB /* Preview Content */ = {
			isa = PBXGroup;
			children = (
				0D27D4DA2B8CD8B6006C91DB /* Preview Assets.xcassets */,
			);
			path = "Preview Content";
			sourceTree = "<group>";
		};
		0D27D4DF2B8CD8DB006C91DB /* Frameworks */ = {
			isa = PBXGroup;
			children = (
			);
			name = Frameworks;
			sourceTree = "<group>";
		};
/* End PBXGroup section */

/* Begin PBXNativeTarget section */
		0D1A20882A12675D001F3CDE /* MoneyKitExample */ = {
			isa = PBXNativeTarget;
			buildConfigurationList = 0D1A209D2A12675E001F3CDE /* Build configuration list for PBXNativeTarget "MoneyKitExample" */;
			buildPhases = (
				0D1A20852A12675D001F3CDE /* Sources */,
				0D1A20862A12675D001F3CDE /* Frameworks */,
				0D1A20872A12675D001F3CDE /* Resources */,
			);
			buildRules = (
			);
			dependencies = (
			);
			name = MoneyKitExample;
			productName = MoneyKitExample;
			productReference = 0D1A20892A12675D001F3CDE /* MoneyKitExample.app */;
			productType = "com.apple.product-type.application";
		};
		0D27D4D02B8CD8B5006C91DB /* MoneyKitSwiftUIExample */ = {
			isa = PBXNativeTarget;
			buildConfigurationList = 0D27D4DC2B8CD8B6006C91DB /* Build configuration list for PBXNativeTarget "MoneyKitSwiftUIExample" */;
			buildPhases = (
				0D27D4CD2B8CD8B5006C91DB /* Sources */,
				0D27D4CE2B8CD8B5006C91DB /* Frameworks */,
				0D27D4CF2B8CD8B5006C91DB /* Resources */,
			);
			buildRules = (
			);
			dependencies = (
			);
			name = MoneyKitSwiftUIExample;
			productName = MoneyKitSwiftUIExample;
			productReference = 0D27D4D12B8CD8B5006C91DB /* MoneyKitSwiftUIExample.app */;
			productType = "com.apple.product-type.application";
		};
/* End PBXNativeTarget section */

/* Begin PBXProject section */
		0D1A20812A12675D001F3CDE /* Project object */ = {
			isa = PBXProject;
			attributes = {
				BuildIndependentTargetsInParallel = 1;
				LastSwiftUpdateCheck = 1500;
				LastUpgradeCheck = 1500;
				TargetAttributes = {
					0D1A20882A12675D001F3CDE = {
						CreatedOnToolsVersion = 14.2;
					};
					0D27D4D02B8CD8B5006C91DB = {
						CreatedOnToolsVersion = 15.0;
					};
				};
			};
			buildConfigurationList = 0D1A20842A12675D001F3CDE /* Build configuration list for PBXProject "MoneyKitExample" */;
			compatibilityVersion = "Xcode 14.0";
			developmentRegion = en;
			hasScannedForEncodings = 0;
			knownRegions = (
				en,
				Base,
			);
			mainGroup = 0D1A20802A12675D001F3CDE;
			productRefGroup = 0D1A208A2A12675D001F3CDE /* Products */;
			projectDirPath = "";
			projectRoot = "";
			targets = (
				0D1A20882A12675D001F3CDE /* MoneyKitExample */,
				0D27D4D02B8CD8B5006C91DB /* MoneyKitSwiftUIExample */,
			);
		};
/* End PBXProject section */

/* Begin PBXResourcesBuildPhase section */
		0D1A20872A12675D001F3CDE /* Resources */ = {
			isa = PBXResourcesBuildPhase;
			buildActionMask = 2147483647;
			files = (
				0D1A20992A12675E001F3CDE /* LaunchScreen.storyboard in Resources */,
				0D1A20962A12675E001F3CDE /* Assets.xcassets in Resources */,
			);
			runOnlyForDeploymentPostprocessing = 0;
		};
		0D27D4CF2B8CD8B5006C91DB /* Resources */ = {
			isa = PBXResourcesBuildPhase;
			buildActionMask = 2147483647;
			files = (
				0D27D4DB2B8CD8B6006C91DB /* Preview Assets.xcassets in Resources */,
				0D27D4D82B8CD8B6006C91DB /* Assets.xcassets in Resources */,
			);
			runOnlyForDeploymentPostprocessing = 0;
		};
/* End PBXResourcesBuildPhase section */

/* Begin PBXSourcesBuildPhase section */
		0D1A20852A12675D001F3CDE /* Sources */ = {
			isa = PBXSourcesBuildPhase;
			buildActionMask = 2147483647;
			files = (
				0D1A20912A12675D001F3CDE /* ExampleViewController.swift in Sources */,
				0D1A208D2A12675D001F3CDE /* AppDelegate.swift in Sources */,
				0D1A208F2A12675D001F3CDE /* SceneDelegate.swift in Sources */,
			);
			runOnlyForDeploymentPostprocessing = 0;
		};
		0D27D4CD2B8CD8B5006C91DB /* Sources */ = {
			isa = PBXSourcesBuildPhase;
			buildActionMask = 2147483647;
			files = (
				0D27D4D62B8CD8B5006C91DB /* ContentView.swift in Sources */,
				0D27D4D42B8CD8B5006C91DB /* MoneyKitSwiftUIExampleApp.swift in Sources */,
			);
			runOnlyForDeploymentPostprocessing = 0;
		};
/* End PBXSourcesBuildPhase section */

/* Begin PBXVariantGroup section */
		0D1A20972A12675E001F3CDE /* LaunchScreen.storyboard */ = {
			isa = PBXVariantGroup;
			children = (
				0D1A20982A12675E001F3CDE /* Base */,
			);
			name = LaunchScreen.storyboard;
			sourceTree = "<group>";
		};
/* End PBXVariantGroup section */

/* Begin XCBuildConfiguration section */
		0D1A209B2A12675E001F3CDE /* Debug */ = {
			isa = XCBuildConfiguration;
			buildSettings = {
				ALWAYS_SEARCH_USER_PATHS = NO;
				CLANG_ANALYZER_NONNULL = YES;
				CLANG_ANALYZER_NUMBER_OBJECT_CONVERSION = YES_AGGRESSIVE;
				CLANG_CXX_LANGUAGE_STANDARD = "gnu++20";
				CLANG_ENABLE_MODULES = YES;
				CLANG_ENABLE_OBJC_ARC = YES;
				CLANG_ENABLE_OBJC_WEAK = YES;
				CLANG_WARN_BLOCK_CAPTURE_AUTORELEASING = YES;
				CLANG_WARN_BOOL_CONVERSION = YES;
				CLANG_WARN_COMMA = YES;
				CLANG_WARN_CONSTANT_CONVERSION = YES;
				CLANG_WARN_DEPRECATED_OBJC_IMPLEMENTATIONS = YES;
				CLANG_WARN_DIRECT_OBJC_ISA_USAGE = YES_ERROR;
				CLANG_WARN_DOCUMENTATION_COMMENTS = YES;
				CLANG_WARN_EMPTY_BODY = YES;
				CLANG_WARN_ENUM_CONVERSION = YES;
				CLANG_WARN_INFINITE_RECURSION = YES;
				CLANG_WARN_INT_CONVERSION = YES;
				CLANG_WARN_NON_LITERAL_NULL_CONVERSION = YES;
				CLANG_WARN_OBJC_IMPLICIT_RETAIN_SELF = YES;
				CLANG_WARN_OBJC_LITERAL_CONVERSION = YES;
				CLANG_WARN_OBJC_ROOT_CLASS = YES_ERROR;
				CLANG_WARN_QUOTED_INCLUDE_IN_FRAMEWORK_HEADER = YES;
				CLANG_WARN_RANGE_LOOP_ANALYSIS = YES;
				CLANG_WARN_STRICT_PROTOTYPES = YES;
				CLANG_WARN_SUSPICIOUS_MOVE = YES;
				CLANG_WARN_UNGUARDED_AVAILABILITY = YES_AGGRESSIVE;
				CLANG_WARN_UNREACHABLE_CODE = YES;
				CLANG_WARN__DUPLICATE_METHOD_MATCH = YES;
				COPY_PHASE_STRIP = NO;
				DEBUG_INFORMATION_FORMAT = dwarf;
				ENABLE_STRICT_OBJC_MSGSEND = YES;
				ENABLE_TESTABILITY = YES;
				ENABLE_USER_SCRIPT_SANDBOXING = NO;
				GCC_C_LANGUAGE_STANDARD = gnu11;
				GCC_DYNAMIC_NO_PIC = NO;
				GCC_NO_COMMON_BLOCKS = YES;
				GCC_OPTIMIZATION_LEVEL = 0;
				GCC_PREPROCESSOR_DEFINITIONS = (
					"DEBUG=1",
					"$(inherited)",
				);
				GCC_WARN_64_TO_32_BIT_CONVERSION = YES;
				GCC_WARN_ABOUT_RETURN_TYPE = YES_ERROR;
				GCC_WARN_UNDECLARED_SELECTOR = YES;
				GCC_WARN_UNINITIALIZED_AUTOS = YES_AGGRESSIVE;
				GCC_WARN_UNUSED_FUNCTION = YES;
				GCC_WARN_UNUSED_VARIABLE = YES;
				IPHONEOS_DEPLOYMENT_TARGET = 16.2;
				MTL_ENABLE_DEBUG_INFO = INCLUDE_SOURCE;
				MTL_FAST_MATH = YES;
				ONLY_ACTIVE_ARCH = YES;
				SDKROOT = iphoneos;
				SWIFT_ACTIVE_COMPILATION_CONDITIONS = DEBUG;
				SWIFT_OPTIMIZATION_LEVEL = "-Onone";
			};
			name = Debug;
		};
		0D1A209C2A12675E001F3CDE /* Release */ = {
			isa = XCBuildConfiguration;
			buildSettings = {
				ALWAYS_SEARCH_USER_PATHS = NO;
				CLANG_ANALYZER_NONNULL = YES;
				CLANG_ANALYZER_NUMBER_OBJECT_CONVERSION = YES_AGGRESSIVE;
				CLANG_CXX_LANGUAGE_STANDARD = "gnu++20";
				CLANG_ENABLE_MODULES = YES;
				CLANG_ENABLE_OBJC_ARC = YES;
				CLANG_ENABLE_OBJC_WEAK = YES;
				CLANG_WARN_BLOCK_CAPTURE_AUTORELEASING = YES;
				CLANG_WARN_BOOL_CONVERSION = YES;
				CLANG_WARN_COMMA = YES;
				CLANG_WARN_CONSTANT_CONVERSION = YES;
				CLANG_WARN_DEPRECATED_OBJC_IMPLEMENTATIONS = YES;
				CLANG_WARN_DIRECT_OBJC_ISA_USAGE = YES_ERROR;
				CLANG_WARN_DOCUMENTATION_COMMENTS = YES;
				CLANG_WARN_EMPTY_BODY = YES;
				CLANG_WARN_ENUM_CONVERSION = YES;
				CLANG_WARN_INFINITE_RECURSION = YES;
				CLANG_WARN_INT_CONVERSION = YES;
				CLANG_WARN_NON_LITERAL_NULL_CONVERSION = YES;
				CLANG_WARN_OBJC_IMPLICIT_RETAIN_SELF = YES;
				CLANG_WARN_OBJC_LITERAL_CONVERSION = YES;
				CLANG_WARN_OBJC_ROOT_CLASS = YES_ERROR;
				CLANG_WARN_QUOTED_INCLUDE_IN_FRAMEWORK_HEADER = YES;
				CLANG_WARN_RANGE_LOOP_ANALYSIS = YES;
				CLANG_WARN_STRICT_PROTOTYPES = YES;
				CLANG_WARN_SUSPICIOUS_MOVE = YES;
				CLANG_WARN_UNGUARDED_AVAILABILITY = YES_AGGRESSIVE;
				CLANG_WARN_UNREACHABLE_CODE = YES;
				CLANG_WARN__DUPLICATE_METHOD_MATCH = YES;
				COPY_PHASE_STRIP = NO;
				DEBUG_INFORMATION_FORMAT = "dwarf-with-dsym";
				ENABLE_NS_ASSERTIONS = NO;
				ENABLE_STRICT_OBJC_MSGSEND = YES;
				ENABLE_USER_SCRIPT_SANDBOXING = NO;
				GCC_C_LANGUAGE_STANDARD = gnu11;
				GCC_NO_COMMON_BLOCKS = YES;
				GCC_WARN_64_TO_32_BIT_CONVERSION = YES;
				GCC_WARN_ABOUT_RETURN_TYPE = YES_ERROR;
				GCC_WARN_UNDECLARED_SELECTOR = YES;
				GCC_WARN_UNINITIALIZED_AUTOS = YES_AGGRESSIVE;
				GCC_WARN_UNUSED_FUNCTION = YES;
				GCC_WARN_UNUSED_VARIABLE = YES;
				IPHONEOS_DEPLOYMENT_TARGET = 16.2;
				MTL_ENABLE_DEBUG_INFO = NO;
				MTL_FAST_MATH = YES;
				SDKROOT = iphoneos;
				SWIFT_COMPILATION_MODE = wholemodule;
				SWIFT_OPTIMIZATION_LEVEL = "-O";
				VALIDATE_PRODUCT = YES;
			};
			name = Release;
		};
		0D1A209E2A12675E001F3CDE /* Debug */ = {
			isa = XCBuildConfiguration;
			buildSettings = {
				ASSETCATALOG_COMPILER_APPICON_NAME = AppIcon;
				ASSETCATALOG_COMPILER_GLOBAL_ACCENT_COLOR_NAME = AccentColor;
				CODE_SIGN_STYLE = Automatic;
				CURRENT_PROJECT_VERSION = 1;
				DEVELOPMENT_TEAM = 96G9TF54YX;
				GENERATE_INFOPLIST_FILE = YES;
				INFOPLIST_FILE = MoneyKitExample/Info.plist;
				INFOPLIST_KEY_CFBundleDisplayName = MoneyKit;
				INFOPLIST_KEY_UIApplicationSupportsIndirectInputEvents = YES;
				INFOPLIST_KEY_UILaunchStoryboardName = LaunchScreen.storyboard;
				INFOPLIST_KEY_UISupportedInterfaceOrientations = UIInterfaceOrientationPortrait;
				IPHONEOS_DEPLOYMENT_TARGET = 14.0;
				LD_RUNPATH_SEARCH_PATHS = (
					"$(inherited)",
					"@executable_path/Frameworks",
				);
				MARKETING_VERSION = 1.0;
				PRODUCT_BUNDLE_IDENTIFIER = com.moneykit.MoneyKitExample;
				PRODUCT_NAME = "$(TARGET_NAME)";
				SWIFT_EMIT_LOC_STRINGS = YES;
				SWIFT_VERSION = 5.0;
				TARGETED_DEVICE_FAMILY = "1,2";
			};
			name = Debug;
		};
		0D1A209F2A12675E001F3CDE /* Release */ = {
			isa = XCBuildConfiguration;
			buildSettings = {
				ASSETCATALOG_COMPILER_APPICON_NAME = AppIcon;
				ASSETCATALOG_COMPILER_GLOBAL_ACCENT_COLOR_NAME = AccentColor;
				CODE_SIGN_STYLE = Automatic;
				CURRENT_PROJECT_VERSION = 1;
				DEVELOPMENT_TEAM = 96G9TF54YX;
				GENERATE_INFOPLIST_FILE = YES;
				INFOPLIST_FILE = MoneyKitExample/Info.plist;
				INFOPLIST_KEY_CFBundleDisplayName = MoneyKit;
				INFOPLIST_KEY_UIApplicationSupportsIndirectInputEvents = YES;
				INFOPLIST_KEY_UILaunchStoryboardName = LaunchScreen.storyboard;
				INFOPLIST_KEY_UISupportedInterfaceOrientations = UIInterfaceOrientationPortrait;
				IPHONEOS_DEPLOYMENT_TARGET = 14.0;
				LD_RUNPATH_SEARCH_PATHS = (
					"$(inherited)",
					"@executable_path/Frameworks",
				);
				MARKETING_VERSION = 1.0;
				PRODUCT_BUNDLE_IDENTIFIER = com.moneykit.MoneyKitExample;
				PRODUCT_NAME = "$(TARGET_NAME)";
				SWIFT_EMIT_LOC_STRINGS = YES;
				SWIFT_VERSION = 5.0;
				TARGETED_DEVICE_FAMILY = "1,2";
			};
			name = Release;
		};
		0D27D4DD2B8CD8B6006C91DB /* Debug */ = {
			isa = XCBuildConfiguration;
			buildSettings = {
				ASSETCATALOG_COMPILER_APPICON_NAME = AppIcon;
				ASSETCATALOG_COMPILER_GENERATE_SWIFT_ASSET_SYMBOL_EXTENSIONS = YES;
				ASSETCATALOG_COMPILER_GLOBAL_ACCENT_COLOR_NAME = AccentColor;
				CODE_SIGN_STYLE = Automatic;
				CURRENT_PROJECT_VERSION = 1;
				DEVELOPMENT_ASSET_PATHS = "\"MoneyKitSwiftUIExample/Preview Content\"";
				DEVELOPMENT_TEAM = 96G9TF54YX;
				ENABLE_PREVIEWS = YES;
				ENABLE_USER_SCRIPT_SANDBOXING = YES;
				GCC_C_LANGUAGE_STANDARD = gnu17;
				GENERATE_INFOPLIST_FILE = YES;
				INFOPLIST_KEY_UIApplicationSceneManifest_Generation = YES;
				INFOPLIST_KEY_UIApplicationSupportsIndirectInputEvents = YES;
				INFOPLIST_KEY_UILaunchScreen_Generation = YES;
				INFOPLIST_KEY_UISupportedInterfaceOrientations = UIInterfaceOrientationPortrait;
				IPHONEOS_DEPLOYMENT_TARGET = 14.0;
				LD_RUNPATH_SEARCH_PATHS = (
					"$(inherited)",
					"@executable_path/Frameworks",
				);
				LOCALIZATION_PREFERS_STRING_CATALOGS = YES;
				MARKETING_VERSION = 1.0;
				PRODUCT_BUNDLE_IDENTIFIER = com.moneykit.MoneyKitSwiftUIExample;
				PRODUCT_NAME = "$(TARGET_NAME)";
				SWIFT_ACTIVE_COMPILATION_CONDITIONS = "DEBUG $(inherited)";
				SWIFT_EMIT_LOC_STRINGS = YES;
				SWIFT_VERSION = 5.0;
				TARGETED_DEVICE_FAMILY = "1,2";
			};
			name = Debug;
		};
		0D27D4DE2B8CD8B6006C91DB /* Release */ = {
			isa = XCBuildConfiguration;
			buildSettings = {
				ASSETCATALOG_COMPILER_APPICON_NAME = AppIcon;
				ASSETCATALOG_COMPILER_GENERATE_SWIFT_ASSET_SYMBOL_EXTENSIONS = YES;
				ASSETCATALOG_COMPILER_GLOBAL_ACCENT_COLOR_NAME = AccentColor;
				CODE_SIGN_STYLE = Automatic;
				CURRENT_PROJECT_VERSION = 1;
				DEVELOPMENT_ASSET_PATHS = "\"MoneyKitSwiftUIExample/Preview Content\"";
				DEVELOPMENT_TEAM = 96G9TF54YX;
				ENABLE_PREVIEWS = YES;
				ENABLE_USER_SCRIPT_SANDBOXING = YES;
				GCC_C_LANGUAGE_STANDARD = gnu17;
				GENERATE_INFOPLIST_FILE = YES;
				INFOPLIST_KEY_UIApplicationSceneManifest_Generation = YES;
				INFOPLIST_KEY_UIApplicationSupportsIndirectInputEvents = YES;
				INFOPLIST_KEY_UILaunchScreen_Generation = YES;
				INFOPLIST_KEY_UISupportedInterfaceOrientations = UIInterfaceOrientationPortrait;
				IPHONEOS_DEPLOYMENT_TARGET = 14.0;
				LD_RUNPATH_SEARCH_PATHS = (
					"$(inherited)",
					"@executable_path/Frameworks",
				);
				LOCALIZATION_PREFERS_STRING_CATALOGS = YES;
				MARKETING_VERSION = 1.0;
				PRODUCT_BUNDLE_IDENTIFIER = com.moneykit.MoneyKitSwiftUIExample;
				PRODUCT_NAME = "$(TARGET_NAME)";
				SWIFT_EMIT_LOC_STRINGS = YES;
				SWIFT_VERSION = 5.0;
				TARGETED_DEVICE_FAMILY = "1,2";
			};
			name = Release;
		};
/* End XCBuildConfiguration section */

/* Begin XCConfigurationList section */
		0D1A20842A12675D001F3CDE /* Build configuration list for PBXProject "MoneyKitExample" */ = {
			isa = XCConfigurationList;
			buildConfigurations = (
				0D1A209B2A12675E001F3CDE /* Debug */,
				0D1A209C2A12675E001F3CDE /* Release */,
			);
			defaultConfigurationIsVisible = 0;
			defaultConfigurationName = Release;
		};
		0D1A209D2A12675E001F3CDE /* Build configuration list for PBXNativeTarget "MoneyKitExample" */ = {
			isa = XCConfigurationList;
			buildConfigurations = (
				0D1A209E2A12675E001F3CDE /* Debug */,
				0D1A209F2A12675E001F3CDE /* Release */,
			);
			defaultConfigurationIsVisible = 0;
			defaultConfigurationName = Release;
		};
		0D27D4DC2B8CD8B6006C91DB /* Build configuration list for PBXNativeTarget "MoneyKitSwiftUIExample" */ = {
			isa = XCConfigurationList;
			buildConfigurations = (
				0D27D4DD2B8CD8B6006C91DB /* Debug */,
				0D27D4DE2B8CD8B6006C91DB /* Release */,
			);
			defaultConfigurationIsVisible = 0;
			defaultConfigurationName = Release;
		};
/* End XCConfigurationList section */
	};
	rootObject = 0D1A20812A12675D001F3CDE /* Project object */;
}
